// !$*UTF8*$!
{
	archiveVersion = 1;
	classes = {
	};
	objectVersion = 46;
	objects = {

/* Begin PBXBuildFile section */
		6338AEA81D22DE5500546D68 /* AppDelegate.swift in Sources */ = {isa = PBXBuildFile; fileRef = 6338AEA71D22DE5500546D68 /* AppDelegate.swift */; };
		6338AEAA1D22DE5500546D68 /* ViewController.swift in Sources */ = {isa = PBXBuildFile; fileRef = 6338AEA91D22DE5500546D68 /* ViewController.swift */; };
		6338AEAD1D22DE5500546D68 /* Main.storyboard in Resources */ = {isa = PBXBuildFile; fileRef = 6338AEAB1D22DE5500546D68 /* Main.storyboard */; };
		6338AEAF1D22DE5500546D68 /* Assets.xcassets in Resources */ = {isa = PBXBuildFile; fileRef = 6338AEAE1D22DE5500546D68 /* Assets.xcassets */; };
		6338AEB21D22DE5500546D68 /* LaunchScreen.storyboard in Resources */ = {isa = PBXBuildFile; fileRef = 6338AEB01D22DE5500546D68 /* LaunchScreen.storyboard */; };
		6338AEBD1D22DE5500546D68 /* UIColorExtensionTests.swift in Sources */ = {isa = PBXBuildFile; fileRef = 6338AEBC1D22DE5500546D68 /* UIColorExtensionTests.swift */; };
		6338AEC81D22DE5500546D68 /* UIColorExtensionUITests.swift in Sources */ = {isa = PBXBuildFile; fileRef = 6338AEC71D22DE5500546D68 /* UIColorExtensionUITests.swift */; };
/* End PBXBuildFile section */

/* Begin PBXContainerItemProxy section */
		6338AEB91D22DE5500546D68 /* PBXContainerItemProxy */ = {
			isa = PBXContainerItemProxy;
			containerPortal = 6338AE9C1D22DE5500546D68 /* Project object */;
			proxyType = 1;
			remoteGlobalIDString = 6338AEA31D22DE5500546D68;
			remoteInfo = UIColorExtension;
		};
		6338AEC41D22DE5500546D68 /* PBXContainerItemProxy */ = {
			isa = PBXContainerItemProxy;
			containerPortal = 6338AE9C1D22DE5500546D68 /* Project object */;
			proxyType = 1;
			remoteGlobalIDString = 6338AEA31D22DE5500546D68;
			remoteInfo = UIColorExtension;
		};
/* End PBXContainerItemProxy section */

/* Begin PBXFileReference section */
		6338AEA41D22DE5500546D68 /* UIColorExtension.app */ = {isa = PBXFileReference; explicitFileType = wrapper.application; includeInIndex = 0; path = UIColorExtension.app; sourceTree = BUILT_PRODUCTS_DIR; };
		6338AEA71D22DE5500546D68 /* AppDelegate.swift */ = {isa = PBXFileReference; lastKnownFileType = sourcecode.swift; path = AppDelegate.swift; sourceTree = "<group>"; };
		6338AEA91D22DE5500546D68 /* ViewController.swift */ = {isa = PBXFileReference; lastKnownFileType = sourcecode.swift; path = ViewController.swift; sourceTree = "<group>"; };
		6338AEAC1D22DE5500546D68 /* Base */ = {isa = PBXFileReference; lastKnownFileType = file.storyboard; name = Base; path = Base.lproj/Main.storyboard; sourceTree = "<group>"; };
		6338AEAE1D22DE5500546D68 /* Assets.xcassets */ = {isa = PBXFileReference; lastKnownFileType = folder.assetcatalog; path = Assets.xcassets; sourceTree = "<group>"; };
		6338AEB11D22DE5500546D68 /* Base */ = {isa = PBXFileReference; lastKnownFileType = file.storyboard; name = Base; path = Base.lproj/LaunchScreen.storyboard; sourceTree = "<group>"; };
		6338AEB31D22DE5500546D68 /* Info.plist */ = {isa = PBXFileReference; lastKnownFileType = text.plist.xml; path = Info.plist; sourceTree = "<group>"; };
		6338AEB81D22DE5500546D68 /* UIColorExtensionTests.xctest */ = {isa = PBXFileReference; explicitFileType = wrapper.cfbundle; includeInIndex = 0; path = UIColorExtensionTests.xctest; sourceTree = BUILT_PRODUCTS_DIR; };
		6338AEBC1D22DE5500546D68 /* UIColorExtensionTests.swift */ = {isa = PBXFileReference; lastKnownFileType = sourcecode.swift; path = UIColorExtensionTests.swift; sourceTree = "<group>"; };
		6338AEBE1D22DE5500546D68 /* Info.plist */ = {isa = PBXFileReference; lastKnownFileType = text.plist.xml; path = Info.plist; sourceTree = "<group>"; };
		6338AEC31D22DE5500546D68 /* UIColorExtensionUITests.xctest */ = {isa = PBXFileReference; explicitFileType = wrapper.cfbundle; includeInIndex = 0; path = UIColorExtensionUITests.xctest; sourceTree = BUILT_PRODUCTS_DIR; };
		6338AEC71D22DE5500546D68 /* UIColorExtensionUITests.swift */ = {isa = PBXFileReference; lastKnownFileType = sourcecode.swift; path = UIColorExtensionUITests.swift; sourceTree = "<group>"; };
		6338AEC91D22DE5500546D68 /* Info.plist */ = {isa = PBXFileReference; lastKnownFileType = text.plist.xml; path = Info.plist; sourceTree = "<group>"; };
/* End PBXFileReference section */

/* Begin PBXFrameworksBuildPhase section */
		6338AEA11D22DE5500546D68 /* Frameworks */ = {
			isa = PBXFrameworksBuildPhase;
			buildActionMask = 2147483647;
			files = (
			);
			runOnlyForDeploymentPostprocessing = 0;
		};
		6338AEB51D22DE5500546D68 /* Frameworks */ = {
			isa = PBXFrameworksBuildPhase;
			buildActionMask = 2147483647;
			files = (
			);
			runOnlyForDeploymentPostprocessing = 0;
		};
		6338AEC01D22DE5500546D68 /* Frameworks */ = {
			isa = PBXFrameworksBuildPhase;
			buildActionMask = 2147483647;
			files = (
			);
			runOnlyForDeploymentPostprocessing = 0;
		};
/* End PBXFrameworksBuildPhase section */

/* Begin PBXGroup section */
		6338AE9B1D22DE5500546D68 = {
			isa = PBXGroup;
			children = (
				6338AEA61D22DE5500546D68 /* UIColorExtension */,
				6338AEBB1D22DE5500546D68 /* UIColorExtensionTests */,
				6338AEC61D22DE5500546D68 /* UIColorExtensionUITests */,
				6338AEA51D22DE5500546D68 /* Products */,
			);
			sourceTree = "<group>";
		};
		6338AEA51D22DE5500546D68 /* Products */ = {
			isa = PBXGroup;
			children = (
				6338AEA41D22DE5500546D68 /* UIColorExtension.app */,
				6338AEB81D22DE5500546D68 /* UIColorExtensionTests.xctest */,
				6338AEC31D22DE5500546D68 /* UIColorExtensionUITests.xctest */,
			);
			name = Products;
			sourceTree = "<group>";
		};
		6338AEA61D22DE5500546D68 /* UIColorExtension */ = {
			isa = PBXGroup;
			children = (
				6338AEA71D22DE5500546D68 /* AppDelegate.swift */,
				6338AEA91D22DE5500546D68 /* ViewController.swift */,
				6338AEAB1D22DE5500546D68 /* Main.storyboard */,
				6338AEAE1D22DE5500546D68 /* Assets.xcassets */,
				6338AEB01D22DE5500546D68 /* LaunchScreen.storyboard */,
				6338AEB31D22DE5500546D68 /* Info.plist */,
			);
			path = UIColorExtension;
			sourceTree = "<group>";
		};
		6338AEBB1D22DE5500546D68 /* UIColorExtensionTests */ = {
			isa = PBXGroup;
			children = (
				6338AEBC1D22DE5500546D68 /* UIColorExtensionTests.swift */,
				6338AEBE1D22DE5500546D68 /* Info.plist */,
			);
			path = UIColorExtensionTests;
			sourceTree = "<group>";
		};
		6338AEC61D22DE5500546D68 /* UIColorExtensionUITests */ = {
			isa = PBXGroup;
			children = (
				6338AEC71D22DE5500546D68 /* UIColorExtensionUITests.swift */,
				6338AEC91D22DE5500546D68 /* Info.plist */,
			);
			path = UIColorExtensionUITests;
			sourceTree = "<group>";
		};
/* End PBXGroup section */

/* Begin PBXNativeTarget section */
		6338AEA31D22DE5500546D68 /* UIColorExtension */ = {
			isa = PBXNativeTarget;
			buildConfigurationList = 6338AECC1D22DE5500546D68 /* Build configuration list for PBXNativeTarget "UIColorExtension" */;
			buildPhases = (
				6338AEA01D22DE5500546D68 /* Sources */,
				6338AEA11D22DE5500546D68 /* Frameworks */,
				6338AEA21D22DE5500546D68 /* Resources */,
			);
			buildRules = (
			);
			dependencies = (
			);
			name = UIColorExtension;
			productName = UIColorExtension;
			productReference = 6338AEA41D22DE5500546D68 /* UIColorExtension.app */;
			productType = "com.apple.product-type.application";
		};
		6338AEB71D22DE5500546D68 /* UIColorExtensionTests */ = {
			isa = PBXNativeTarget;
			buildConfigurationList = 6338AECF1D22DE5500546D68 /* Build configuration list for PBXNativeTarget "UIColorExtensionTests" */;
			buildPhases = (
				6338AEB41D22DE5500546D68 /* Sources */,
				6338AEB51D22DE5500546D68 /* Frameworks */,
				6338AEB61D22DE5500546D68 /* Resources */,
			);
			buildRules = (
			);
			dependencies = (
				6338AEBA1D22DE5500546D68 /* PBXTargetDependency */,
			);
			name = UIColorExtensionTests;
			productName = UIColorExtensionTests;
			productReference = 6338AEB81D22DE5500546D68 /* UIColorExtensionTests.xctest */;
			productType = "com.apple.product-type.bundle.unit-test";
		};
		6338AEC21D22DE5500546D68 /* UIColorExtensionUITests */ = {
			isa = PBXNativeTarget;
			buildConfigurationList = 6338AED21D22DE5500546D68 /* Build configuration list for PBXNativeTarget "UIColorExtensionUITests" */;
			buildPhases = (
				6338AEBF1D22DE5500546D68 /* Sources */,
				6338AEC01D22DE5500546D68 /* Frameworks */,
				6338AEC11D22DE5500546D68 /* Resources */,
			);
			buildRules = (
			);
			dependencies = (
				6338AEC51D22DE5500546D68 /* PBXTargetDependency */,
			);
			name = UIColorExtensionUITests;
			productName = UIColorExtensionUITests;
			productReference = 6338AEC31D22DE5500546D68 /* UIColorExtensionUITests.xctest */;
			productType = "com.apple.product-type.bundle.ui-testing";
		};
/* End PBXNativeTarget section */

/* Begin PBXProject section */
		6338AE9C1D22DE5500546D68 /* Project object */ = {
			isa = PBXProject;
			attributes = {
				LastSwiftUpdateCheck = 0730;
				LastUpgradeCheck = 0730;
				ORGANIZATIONNAME = David;
				TargetAttributes = {
					6338AEA31D22DE5500546D68 = {
						CreatedOnToolsVersion = 7.3.1;
					};
					6338AEB71D22DE5500546D68 = {
						CreatedOnToolsVersion = 7.3.1;
						TestTargetID = 6338AEA31D22DE5500546D68;
					};
					6338AEC21D22DE5500546D68 = {
						CreatedOnToolsVersion = 7.3.1;
						TestTargetID = 6338AEA31D22DE5500546D68;
					};
				};
			};
			buildConfigurationList = 6338AE9F1D22DE5500546D68 /* Build configuration list for PBXProject "UIColorExtension" */;
			compatibilityVersion = "Xcode 3.2";
			developmentRegion = English;
			hasScannedForEncodings = 0;
			knownRegions = (
				en,
				Base,
			);
			mainGroup = 6338AE9B1D22DE5500546D68;
			productRefGroup = 6338AEA51D22DE5500546D68 /* Products */;
			projectDirPath = "";
			projectRoot = "";
			targets = (
				6338AEA31D22DE5500546D68 /* UIColorExtension */,
				6338AEB71D22DE5500546D68 /* UIColorExtensionTests */,
				6338AEC21D22DE5500546D68 /* UIColorExtensionUITests */,
			);
		};
/* End PBXProject section */

/* Begin PBXResourcesBuildPhase section */
		6338AEA21D22DE5500546D68 /* Resources */ = {
			isa = PBXResourcesBuildPhase;
			buildActionMask = 2147483647;
			files = (
				6338AEB21D22DE5500546D68 /* LaunchScreen.storyboard in Resources */,
				6338AEAF1D22DE5500546D68 /* Assets.xcassets in Resources */,
				6338AEAD1D22DE5500546D68 /* Main.storyboard in Resources */,
			);
			runOnlyForDeploymentPostprocessing = 0;
		};
		6338AEB61D22DE5500546D68 /* Resources */ = {
			isa = PBXResourcesBuildPhase;
			buildActionMask = 2147483647;
			files = (
			);
			runOnlyForDeploymentPostprocessing = 0;
		};
		6338AEC11D22DE5500546D68 /* Resources */ = {
			isa = PBXResourcesBuildPhase;
			buildActionMask = 2147483647;
			files = (
			);
			runOnlyForDeploymentPostprocessing = 0;
		};
/* End PBXResourcesBuildPhase section */

/* Begin PBXSourcesBuildPhase section */
		6338AEA01D22DE5500546D68 /* Sources */ = {
			isa = PBXSourcesBuildPhase;
			buildActionMask = 2147483647;
			files = (
				6338AEAA1D22DE5500546D68 /* ViewController.swift in Sources */,
				6338AEA81D22DE5500546D68 /* AppDelegate.swift in Sources */,
			);
			runOnlyForDeploymentPostprocessing = 0;
		};
		6338AEB41D22DE5500546D68 /* Sources */ = {
			isa = PBXSourcesBuildPhase;
			buildActionMask = 2147483647;
			files = (
				6338AEBD1D22DE5500546D68 /* UIColorExtensionTests.swift in Sources */,
			);
			runOnlyForDeploymentPostprocessing = 0;
		};
		6338AEBF1D22DE5500546D68 /* Sources */ = {
			isa = PBXSourcesBuildPhase;
			buildActionMask = 2147483647;
			files = (
				6338AEC81D22DE5500546D68 /* UIColorExtensionUITests.swift in Sources */,
			);
			runOnlyForDeploymentPostprocessing = 0;
		};
/* End PBXSourcesBuildPhase section */

/* Begin PBXTargetDependency section */
		6338AEBA1D22DE5500546D68 /* PBXTargetDependency */ = {
			isa = PBXTargetDependency;
			target = 6338AEA31D22DE5500546D68 /* UIColorExtension */;
			targetProxy = 6338AEB91D22DE5500546D68 /* PBXContainerItemProxy */;
		};
		6338AEC51D22DE5500546D68 /* PBXTargetDependency */ = {
			isa = PBXTargetDependency;
			target = 6338AEA31D22DE5500546D68 /* UIColorExtension */;
			targetProxy = 6338AEC41D22DE5500546D68 /* PBXContainerItemProxy */;
		};
/* End PBXTargetDependency section */

/* Begin PBXVariantGroup section */
		6338AEAB1D22DE5500546D68 /* Main.storyboard */ = {
			isa = PBXVariantGroup;
			children = (
				6338AEAC1D22DE5500546D68 /* Base */,
			);
			name = Main.storyboard;
			sourceTree = "<group>";
		};
		6338AEB01D22DE5500546D68 /* LaunchScreen.storyboard */ = {
			isa = PBXVariantGroup;
			children = (
				6338AEB11D22DE5500546D68 /* Base */,
			);
			name = LaunchScreen.storyboard;
			sourceTree = "<group>";
		};
/* End PBXVariantGroup section */

/* Begin XCBuildConfiguration section */
		6338AECA1D22DE5500546D68 /* Debug */ = {
			isa = XCBuildConfiguration;
			buildSettings = {
				ALWAYS_SEARCH_USER_PATHS = NO;
				CLANG_ANALYZER_NONNULL = YES;
				CLANG_CXX_LANGUAGE_STANDARD = "gnu++0x";
				CLANG_CXX_LIBRARY = "libc++";
				CLANG_ENABLE_MODULES = YES;
				CLANG_ENABLE_OBJC_ARC = YES;
				CLANG_WARN_BOOL_CONVERSION = YES;
				CLANG_WARN_CONSTANT_CONVERSION = YES;
				CLANG_WARN_DIRECT_OBJC_ISA_USAGE = YES_ERROR;
				CLANG_WARN_EMPTY_BODY = YES;
				CLANG_WARN_ENUM_CONVERSION = YES;
				CLANG_WARN_INT_CONVERSION = YES;
				CLANG_WARN_OBJC_ROOT_CLASS = YES_ERROR;
				CLANG_WARN_UNREACHABLE_CODE = YES;
				CLANG_WARN__DUPLICATE_METHOD_MATCH = YES;
				"CODE_SIGN_IDENTITY[sdk=iphoneos*]" = "iPhone Developer";
				COPY_PHASE_STRIP = NO;
				DEBUG_INFORMATION_FORMAT = dwarf;
				ENABLE_STRICT_OBJC_MSGSEND = YES;
				ENABLE_TESTABILITY = YES;
				GCC_C_LANGUAGE_STANDARD = gnu99;
				GCC_DYNAMIC_NO_PIC = NO;
				GCC_NO_COMMON_BLOCKS = YES;
				GCC_OPTIMIZATION_LEVEL = 0;
				GCC_PREPROCESSOR_DEFINITIONS = (
					"DEBUG=1",
					"$(inherited)",
				);
				GCC_WARN_64_TO_32_BIT_CONVERSION = YES;
				GCC_WARN_ABOUT_RETURN_TYPE = YES_ERROR;
				GCC_WARN_UNDECLARED_SELECTOR = YES;
				GCC_WARN_UNINITIALIZED_AUTOS = YES_AGGRESSIVE;
				GCC_WARN_UNUSED_FUNCTION = YES;
				GCC_WARN_UNUSED_VARIABLE = YES;
				IPHONEOS_DEPLOYMENT_TARGET = 9.3;
				MTL_ENABLE_DEBUG_INFO = YES;
				ONLY_ACTIVE_ARCH = YES;
				SDKROOT = iphoneos;
				SWIFT_OPTIMIZATION_LEVEL = "-Onone";
				TARGETED_DEVICE_FAMILY = "1,2";
			};
			name = Debug;
		};
		6338AECB1D22DE5500546D68 /* Release */ = {
			isa = XCBuildConfiguration;
			buildSettings = {
				ALWAYS_SEARCH_USER_PATHS = NO;
				CLANG_ANALYZER_NONNULL = YES;
				CLANG_CXX_LANGUAGE_STANDARD = "gnu++0x";
				CLANG_CXX_LIBRARY = "libc++";
				CLANG_ENABLE_MODULES = YES;
				CLANG_ENABLE_OBJC_ARC = YES;
				CLANG_WARN_BOOL_CONVERSION = YES;
				CLANG_WARN_CONSTANT_CONVERSION = YES;
				CLANG_WARN_DIRECT_OBJC_ISA_USAGE = YES_ERROR;
				CLANG_WARN_EMPTY_BODY = YES;
				CLANG_WARN_ENUM_CONVERSION = YES;
				CLANG_WARN_INT_CONVERSION = YES;
				CLANG_WARN_OBJC_ROOT_CLASS = YES_ERROR;
				CLANG_WARN_UNREACHABLE_CODE = YES;
				CLANG_WARN__DUPLICATE_METHOD_MATCH = YES;
				"CODE_SIGN_IDENTITY[sdk=iphoneos*]" = "iPhone Developer";
				COPY_PHASE_STRIP = NO;
				DEBUG_INFORMATION_FORMAT = "dwarf-with-dsym";
				ENABLE_NS_ASSERTIONS = NO;
				ENABLE_STRICT_OBJC_MSGSEND = YES;
				GCC_C_LANGUAGE_STANDARD = gnu99;
				GCC_NO_COMMON_BLOCKS = YES;
				GCC_WARN_64_TO_32_BIT_CONVERSION = YES;
				GCC_WARN_ABOUT_RETURN_TYPE = YES_ERROR;
				GCC_WARN_UNDECLARED_SELECTOR = YES;
				GCC_WARN_UNINITIALIZED_AUTOS = YES_AGGRESSIVE;
				GCC_WARN_UNUSED_FUNCTION = YES;
				GCC_WARN_UNUSED_VARIABLE = YES;
				IPHONEOS_DEPLOYMENT_TARGET = 9.3;
				MTL_ENABLE_DEBUG_INFO = NO;
				SDKROOT = iphoneos;
				TARGETED_DEVICE_FAMILY = "1,2";
				VALIDATE_PRODUCT = YES;
			};
			name = Release;
		};
		6338AECD1D22DE5500546D68 /* Debug */ = {
			isa = XCBuildConfiguration;
			buildSettings = {
				ASSETCATALOG_COMPILER_APPICON_NAME = AppIcon;
				INFOPLIST_FILE = UIColorExtension/Info.plist;
				LD_RUNPATH_SEARCH_PATHS = "$(inherited) @executable_path/Frameworks";
				PRODUCT_BUNDLE_IDENTIFIER = hcd.UIColorExtension;
				PRODUCT_NAME = "$(TARGET_NAME)";
			};
			name = Debug;
		};
		6338AECE1D22DE5500546D68 /* Release */ = {
			isa = XCBuildConfiguration;
			buildSettings = {
				ASSETCATALOG_COMPILER_APPICON_NAME = AppIcon;
				INFOPLIST_FILE = UIColorExtension/Info.plist;
				LD_RUNPATH_SEARCH_PATHS = "$(inherited) @executable_path/Frameworks";
				PRODUCT_BUNDLE_IDENTIFIER = hcd.UIColorExtension;
				PRODUCT_NAME = "$(TARGET_NAME)";
			};
			name = Release;
		};
		6338AED01D22DE5500546D68 /* Debug */ = {
			isa = XCBuildConfiguration;
			buildSettings = {
				BUNDLE_LOADER = "$(TEST_HOST)";
				INFOPLIST_FILE = UIColorExtensionTests/Info.plist;
				LD_RUNPATH_SEARCH_PATHS = "$(inherited) @executable_path/Frameworks @loader_path/Frameworks";
				PRODUCT_BUNDLE_IDENTIFIER = hcd.UIColorExtensionTests;
				PRODUCT_NAME = "$(TARGET_NAME)";
				TEST_HOST = "$(BUILT_PRODUCTS_DIR)/UIColorExtension.app/UIColorExtension";
			};
			name = Debug;
		};
		6338AED11D22DE5500546D68 /* Release */ = {
			isa = XCBuildConfiguration;
			buildSettings = {
				BUNDLE_LOADER = "$(TEST_HOST)";
				INFOPLIST_FILE = UIColorExtensionTests/Info.plist;
				LD_RUNPATH_SEARCH_PATHS = "$(inherited) @executable_path/Frameworks @loader_path/Frameworks";
				PRODUCT_BUNDLE_IDENTIFIER = hcd.UIColorExtensionTests;
				PRODUCT_NAME = "$(TARGET_NAME)";
				TEST_HOST = "$(BUILT_PRODUCTS_DIR)/UIColorExtension.app/UIColorExtension";
			};
			name = Release;
		};
		6338AED31D22DE5500546D68 /* Debug */ = {
			isa = XCBuildConfiguration;
			buildSettings = {
				INFOPLIST_FILE = UIColorExtensionUITests/Info.plist;
				LD_RUNPATH_SEARCH_PATHS = "$(inherited) @executable_path/Frameworks @loader_path/Frameworks";
				PRODUCT_BUNDLE_IDENTIFIER = hcd.UIColorExtensionUITests;
				PRODUCT_NAME = "$(TARGET_NAME)";
				TEST_TARGET_NAME = UIColorExtension;
			};
			name = Debug;
		};
		6338AED41D22DE5500546D68 /* Release */ = {
			isa = XCBuildConfiguration;
			buildSettings = {
				INFOPLIST_FILE = UIColorExtensionUITests/Info.plist;
				LD_RUNPATH_SEARCH_PATHS = "$(inherited) @executable_path/Frameworks @loader_path/Frameworks";
				PRODUCT_BUNDLE_IDENTIFIER = hcd.UIColorExtensionUITests;
				PRODUCT_NAME = "$(TARGET_NAME)";
				TEST_TARGET_NAME = UIColorExtension;
			};
			name = Release;
		};
/* End XCBuildConfiguration section */

/* Begin XCConfigurationList section */
		6338AE9F1D22DE5500546D68 /* Build configuration list for PBXProject "UIColorExtension" */ = {
			isa = XCConfigurationList;
			buildConfigurations = (
				6338AECA1D22DE5500546D68 /* Debug */,
				6338AECB1D22DE5500546D68 /* Release */,
			);
			defaultConfigurationIsVisible = 0;
			defaultConfigurationName = Release;
		};
		6338AECC1D22DE5500546D68 /* Build configuration list for PBXNativeTarget "UIColorExtension" */ = {
			isa = XCConfigurationList;
			buildConfigurations = (
				6338AECD1D22DE5500546D68 /* Debug */,
				6338AECE1D22DE5500546D68 /* Release */,
			);
			defaultConfigurationIsVisible = 0;
		};
		6338AECF1D22DE5500546D68 /* Build configuration list for PBXNativeTarget "UIColorExtensionTests" */ = {
			isa = XCConfigurationList;
			buildConfigurations = (
				6338AED01D22DE5500546D68 /* Debug */,
				6338AED11D22DE5500546D68 /* Release */,
			);
			defaultConfigurationIsVisible = 0;
		};
		6338AED21D22DE5500546D68 /* Build configuration list for PBXNativeTarget "UIColorExtensionUITests" */ = {
			isa = XCConfigurationList;
			buildConfigurations = (
				6338AED31D22DE5500546D68 /* Debug */,
				6338AED41D22DE5500546D68 /* Release */,
			);
			defaultConfigurationIsVisible = 0;
		};
/* End XCConfigurationList section */
	};
	rootObject = 6338AE9C1D22DE5500546D68 /* Project object */;
}
